
Microsoft Visual Studio Solution File, Format Version 12.00
# Visual Studio 2013
VisualStudioVersion = 12.0.21005.1
MinimumVisualStudioVersion = 10.0.40219.1
Project("{FAE04EC0-301F-11D3-BF4B-00C04F79EFBC}") = "LJH.Inventory.BusinessModel", "LJH.Inventory.BusinessModel\LJH.Inventory.BusinessModel.csproj", "{E13ADAC1-9D84-4F58-B4A1-DEFB822F087E}"
EndProject
Project("{FAE04EC0-301F-11D3-BF4B-00C04F79EFBC}") = "LJH.Inventory.UI", "LJH.Inventory.UI\LJH.Inventory.UI.csproj", "{273C204B-4A1F-45E1-B7F0-A3A6CC3F6209}"
EndProject
Project("{FAE04EC0-301F-11D3-BF4B-00C04F79EFBC}") = "LJH.Inventory.DAL", "LJH.Inventory.DAL\LJH.Inventory.DAL.csproj", "{B75A34A4-CE15-4957-9665-08C074CE7006}"
EndProject
Project("{FAE04EC0-301F-11D3-BF4B-00C04F79EFBC}") = "LJH.Inventory.BLL", "LJH.Inventory.BLL\LJH.Inventory.BLL.csproj", "{D250DC64-1E58-4B62-A5FD-5A4BD7BA7ABB}"
EndProject
Project("{FAE04EC0-301F-11D3-BF4B-00C04F79EFBC}") = "InventoryApplication", "InventoryApplication\InventoryApplication.csproj", "{10FB935E-CB3B-4BC2-9753-288BDCCAFD99}"
EndProject
Project("{FAE04EC0-301F-11D3-BF4B-00C04F79EFBC}") = "LJH.Inventory.UI.Controls", "LJH.Inventory.UI.Controls\LJH.Inventory.UI.Controls.csproj", "{3945C03C-B3B2-4511-9324-2DF73A5FB3A0}"
EndProject
Project("{FAE04EC0-301F-11D3-BF4B-00C04F79EFBC}") = "InventoryDemo", "InventoryDemo\InventoryDemo.csproj", "{AE196CFF-DD0F-4825-971D-6CEA231EF8A8}"
EndProject
Project("{FAE04EC0-301F-11D3-BF4B-00C04F79EFBC}") = "InventoryWebFormTest", "WebAPIFormTest\InventoryWebFormTest.csproj", "{BE9065B8-0D88-4E56-BB54-C4D61435D56E}"
EndProject
Project("{FAE04EC0-301F-11D3-BF4B-00C04F79EFBC}") = "InventoryWebAPI", "InventoryWebAPI\InventoryWebAPI.csproj", "{7E80806B-B9C4-4F95-AFD3-8FC49EC8983C}"
EndProject
Project("{FAE04EC0-301F-11D3-BF4B-00C04F79EFBC}") = "InventorySignalR", "InventorySignalR\InventorySignalR.csproj", "{E63D0B9D-1842-46F1-96EC-80CA9C0B233F}"
EndProject
Global
	GlobalSection(SolutionConfigurationPlatforms) = preSolution
		Debug|Any CPU = Debug|Any CPU
		Debug|Mixed Platforms = Debug|Mixed Platforms
		Debug|x86 = Debug|x86
		Release|Any CPU = Release|Any CPU
		Release|Mixed Platforms = Release|Mixed Platforms
		Release|x86 = Release|x86
	EndGlobalSection
	GlobalSection(ProjectConfigurationPlatforms) = postSolution
		{E13ADAC1-9D84-4F58-B4A1-DEFB822F087E}.Debug|Any CPU.ActiveCfg = Debug|Any CPU
		{E13ADAC1-9D84-4F58-B4A1-DEFB822F087E}.Debug|Any CPU.Build.0 = Debug|Any CPU
		{E13ADAC1-9D84-4F58-B4A1-DEFB822F087E}.Debug|Mixed Platforms.ActiveCfg = Debug|x86
		{E13ADAC1-9D84-4F58-B4A1-DEFB822F087E}.Debug|Mixed Platforms.Build.0 = Debug|x86
		{E13ADAC1-9D84-4F58-B4A1-DEFB822F087E}.Debug|x86.ActiveCfg = Debug|Any CPU
		{E13ADAC1-9D84-4F58-B4A1-DEFB822F087E}.Release|Any CPU.ActiveCfg = Release|Any CPU
		{E13ADAC1-9D84-4F58-B4A1-DEFB822F087E}.Release|Any CPU.Build.0 = Release|Any CPU
		{E13ADAC1-9D84-4F58-B4A1-DEFB822F087E}.Release|Mixed Platforms.ActiveCfg = Release|Any CPU
		{E13ADAC1-9D84-4F58-B4A1-DEFB822F087E}.Release|Mixed Platforms.Build.0 = Release|Any CPU
		{E13ADAC1-9D84-4F58-B4A1-DEFB822F087E}.Release|x86.ActiveCfg = Release|Any CPU
		{273C204B-4A1F-45E1-B7F0-A3A6CC3F6209}.Debug|Any CPU.ActiveCfg = Debug|x86
		{273C204B-4A1F-45E1-B7F0-A3A6CC3F6209}.Debug|Mixed Platforms.ActiveCfg = Debug|x86
		{273C204B-4A1F-45E1-B7F0-A3A6CC3F6209}.Debug|Mixed Platforms.Build.0 = Debug|x86
		{273C204B-4A1F-45E1-B7F0-A3A6CC3F6209}.Debug|x86.ActiveCfg = Debug|x86
		{273C204B-4A1F-45E1-B7F0-A3A6CC3F6209}.Debug|x86.Build.0 = Debug|x86
		{273C204B-4A1F-45E1-B7F0-A3A6CC3F6209}.Release|Any CPU.ActiveCfg = Release|x86
		{273C204B-4A1F-45E1-B7F0-A3A6CC3F6209}.Release|Mixed Platforms.ActiveCfg = Release|x86
		{273C204B-4A1F-45E1-B7F0-A3A6CC3F6209}.Release|Mixed Platforms.Build.0 = Release|x86
		{273C204B-4A1F-45E1-B7F0-A3A6CC3F6209}.Release|x86.ActiveCfg = Release|x86
		{273C204B-4A1F-45E1-B7F0-A3A6CC3F6209}.Release|x86.Build.0 = Release|x86
		{B75A34A4-CE15-4957-9665-08C074CE7006}.Debug|Any CPU.ActiveCfg = Debug|Any CPU
		{B75A34A4-CE15-4957-9665-08C074CE7006}.Debug|Any CPU.Build.0 = Debug|Any CPU
		{B75A34A4-CE15-4957-9665-08C074CE7006}.Debug|Mixed Platforms.ActiveCfg = Debug|x86
		{B75A34A4-CE15-4957-9665-08C074CE7006}.Debug|Mixed Platforms.Build.0 = Debug|x86
		{B75A34A4-CE15-4957-9665-08C074CE7006}.Debug|x86.ActiveCfg = Debug|Any CPU
		{B75A34A4-CE15-4957-9665-08C074CE7006}.Release|Any CPU.ActiveCfg = Release|Any CPU
		{B75A34A4-CE15-4957-9665-08C074CE7006}.Release|Any CPU.Build.0 = Release|Any CPU
		{B75A34A4-CE15-4957-9665-08C074CE7006}.Release|Mixed Platforms.ActiveCfg = Release|Any CPU
		{B75A34A4-CE15-4957-9665-08C074CE7006}.Release|Mixed Platforms.Build.0 = Release|Any CPU
		{B75A34A4-CE15-4957-9665-08C074CE7006}.Release|x86.ActiveCfg = Release|Any CPU
		{D250DC64-1E58-4B62-A5FD-5A4BD7BA7ABB}.Debug|Any CPU.ActiveCfg = Debug|Any CPU
		{D250DC64-1E58-4B62-A5FD-5A4BD7BA7ABB}.Debug|Any CPU.Build.0 = Debug|Any CPU
		{D250DC64-1E58-4B62-A5FD-5A4BD7BA7ABB}.Debug|Mixed Platforms.ActiveCfg = Debug|x86
		{D250DC64-1E58-4B62-A5FD-5A4BD7BA7ABB}.Debug|Mixed Platforms.Build.0 = Debug|x86
		{D250DC64-1E58-4B62-A5FD-5A4BD7BA7ABB}.Debug|x86.ActiveCfg = Debug|Any CPU
		{D250DC64-1E58-4B62-A5FD-5A4BD7BA7ABB}.Release|Any CPU.ActiveCfg = Release|Any CPU
		{D250DC64-1E58-4B62-A5FD-5A4BD7BA7ABB}.Release|Any CPU.Build.0 = Release|Any CPU
		{D250DC64-1E58-4B62-A5FD-5A4BD7BA7ABB}.Release|Mixed Platforms.ActiveCfg = Release|Any CPU
		{D250DC64-1E58-4B62-A5FD-5A4BD7BA7ABB}.Release|Mixed Platforms.Build.0 = Release|Any CPU
		{D250DC64-1E58-4B62-A5FD-5A4BD7BA7ABB}.Release|x86.ActiveCfg = Release|Any CPU
		{10FB935E-CB3B-4BC2-9753-288BDCCAFD99}.Debug|Any CPU.ActiveCfg = Debug|x86
		{10FB935E-CB3B-4BC2-9753-288BDCCAFD99}.Debug|Mixed Platforms.ActiveCfg = Debug|x86
		{10FB935E-CB3B-4BC2-9753-288BDCCAFD99}.Debug|Mixed Platforms.Build.0 = Debug|x86
		{10FB935E-CB3B-4BC2-9753-288BDCCAFD99}.Debug|x86.ActiveCfg = Debug|x86
		{10FB935E-CB3B-4BC2-9753-288BDCCAFD99}.Debug|x86.Build.0 = Debug|x86
		{10FB935E-CB3B-4BC2-9753-288BDCCAFD99}.Release|Any CPU.ActiveCfg = Release|x86
		{10FB935E-CB3B-4BC2-9753-288BDCCAFD99}.Release|Mixed Platforms.ActiveCfg = Release|x86
		{10FB935E-CB3B-4BC2-9753-288BDCCAFD99}.Release|Mixed Platforms.Build.0 = Release|x86
		{10FB935E-CB3B-4BC2-9753-288BDCCAFD99}.Release|x86.ActiveCfg = Release|x86
		{10FB935E-CB3B-4BC2-9753-288BDCCAFD99}.Release|x86.Build.0 = Release|x86
		{3945C03C-B3B2-4511-9324-2DF73A5FB3A0}.Debug|Any CPU.ActiveCfg = Debug|Any CPU
		{3945C03C-B3B2-4511-9324-2DF73A5FB3A0}.Debug|Any CPU.Build.0 = Debug|Any CPU
		{3945C03C-B3B2-4511-9324-2DF73A5FB3A0}.Debug|Mixed Platforms.ActiveCfg = Debug|x86
		{3945C03C-B3B2-4511-9324-2DF73A5FB3A0}.Debug|Mixed Platforms.Build.0 = Debug|x86
		{3945C03C-B3B2-4511-9324-2DF73A5FB3A0}.Debug|x86.ActiveCfg = Debug|Any CPU
		{3945C03C-B3B2-4511-9324-2DF73A5FB3A0}.Release|Any CPU.ActiveCfg = Release|Any CPU
		{3945C03C-B3B2-4511-9324-2DF73A5FB3A0}.Release|Any CPU.Build.0 = Release|Any CPU
		{3945C03C-B3B2-4511-9324-2DF73A5FB3A0}.Release|Mixed Platforms.ActiveCfg = Release|Any CPU
		{3945C03C-B3B2-4511-9324-2DF73A5FB3A0}.Release|Mixed Platforms.Build.0 = Release|Any CPU
		{3945C03C-B3B2-4511-9324-2DF73A5FB3A0}.Release|x86.ActiveCfg = Release|Any CPU
		{AE196CFF-DD0F-4825-971D-6CEA231EF8A8}.Debug|Any CPU.ActiveCfg = Debug|x86
		{AE196CFF-DD0F-4825-971D-6CEA231EF8A8}.Debug|Mixed Platforms.ActiveCfg = Debug|x86
		{AE196CFF-DD0F-4825-971D-6CEA231EF8A8}.Debug|Mixed Platforms.Build.0 = Debug|x86
		{AE196CFF-DD0F-4825-971D-6CEA231EF8A8}.Debug|x86.ActiveCfg = Debug|x86
		{AE196CFF-DD0F-4825-971D-6CEA231EF8A8}.Debug|x86.Build.0 = Debug|x86
		{AE196CFF-DD0F-4825-971D-6CEA231EF8A8}.Release|Any CPU.ActiveCfg = Release|x86
		{AE196CFF-DD0F-4825-971D-6CEA231EF8A8}.Release|Mixed Platforms.ActiveCfg = Release|x86
		{AE196CFF-DD0F-4825-971D-6CEA231EF8A8}.Release|Mixed Platforms.Build.0 = Release|x86
		{AE196CFF-DD0F-4825-971D-6CEA231EF8A8}.Release|x86.ActiveCfg = Release|x86
		{AE196CFF-DD0F-4825-971D-6CEA231EF8A8}.Release|x86.Build.0 = Release|x86
		{BE9065B8-0D88-4E56-BB54-C4D61435D56E}.Debug|Any CPU.ActiveCfg = Debug|x86
		{BE9065B8-0D88-4E56-BB54-C4D61435D56E}.Debug|Mixed Platforms.ActiveCfg = Debug|x86
		{BE9065B8-0D88-4E56-BB54-C4D61435D56E}.Debug|Mixed Platforms.Build.0 = Debug|x86
		{BE9065B8-0D88-4E56-BB54-C4D61435D56E}.Debug|x86.ActiveCfg = Debug|x86
		{BE9065B8-0D88-4E56-BB54-C4D61435D56E}.Debug|x86.Build.0 = Debug|x86
		{BE9065B8-0D88-4E56-BB54-C4D61435D56E}.Release|Any CPU.ActiveCfg = Release|x86
		{BE9065B8-0D88-4E56-BB54-C4D61435D56E}.Release|Mixed Platforms.ActiveCfg = Release|x86
		{BE9065B8-0D88-4E56-BB54-C4D61435D56E}.Release|Mixed Platforms.Build.0 = Release|x86
		{BE9065B8-0D88-4E56-BB54-C4D61435D56E}.Release|x86.ActiveCfg = Release|x86
		{BE9065B8-0D88-4E56-BB54-C4D61435D56E}.Release|x86.Build.0 = Release|x86
		{7E80806B-B9C4-4F95-AFD3-8FC49EC8983C}.Debug|Any CPU.ActiveCfg = Debug|Any CPU
		{7E80806B-B9C4-4F95-AFD3-8FC49EC8983C}.Debug|Any CPU.Build.0 = Debug|Any CPU
		{7E80806B-B9C4-4F95-AFD3-8FC49EC8983C}.Debug|Mixed Platforms.ActiveCfg = Debug|Any CPU
		{7E80806B-B9C4-4F95-AFD3-8FC49EC8983C}.Debug|Mixed Platforms.Build.0 = Debug|Any CPU
		{7E80806B-B9C4-4F95-AFD3-8FC49EC8983C}.Debug|x86.ActiveCfg = Debug|Any CPU
		{7E80806B-B9C4-4F95-AFD3-8FC49EC8983C}.Release|Any CPU.ActiveCfg = Release|Any CPU
		{7E80806B-B9C4-4F95-AFD3-8FC49EC8983C}.Release|Any CPU.Build.0 = Release|Any CPU
		{7E80806B-B9C4-4F95-AFD3-8FC49EC8983C}.Release|Mixed Platforms.ActiveCfg = Release|Any CPU
		{7E80806B-B9C4-4F95-AFD3-8FC49EC8983C}.Release|Mixed Platforms.Build.0 = Release|Any CPU
		{7E80806B-B9C4-4F95-AFD3-8FC49EC8983C}.Release|x86.ActiveCfg = Release|Any CPU
		{E63D0B9D-1842-46F1-96EC-80CA9C0B233F}.Debug|Any CPU.ActiveCfg = Debug|Any CPU
		{E63D0B9D-1842-46F1-96EC-80CA9C0B233F}.Debug|Any CPU.Build.0 = Debug|Any CPU
		{E63D0B9D-1842-46F1-96EC-80CA9C0B233F}.Debug|Mixed Platforms.ActiveCfg = Debug|Any CPU
		{E63D0B9D-1842-46F1-96EC-80CA9C0B233F}.Debug|Mixed Platforms.Build.0 = Debug|Any CPU
		{E63D0B9D-1842-46F1-96EC-80CA9C0B233F}.Debug|x86.ActiveCfg = Debug|Any CPU
		{E63D0B9D-1842-46F1-96EC-80CA9C0B233F}.Release|Any CPU.ActiveCfg = Release|Any CPU
		{E63D0B9D-1842-46F1-96EC-80CA9C0B233F}.Release|Any CPU.Build.0 = Release|Any CPU
		{E63D0B9D-1842-46F1-96EC-80CA9C0B233F}.Release|Mixed Platforms.ActiveCfg = Release|Any CPU
		{E63D0B9D-1842-46F1-96EC-80CA9C0B233F}.Release|Mixed Platforms.Build.0 = Release|Any CPU
		{E63D0B9D-1842-46F1-96EC-80CA9C0B233F}.Release|x86.ActiveCfg = Release|Any CPU
	EndGlobalSection
	GlobalSection(SolutionProperties) = preSolution
		HideSolutionNode = FALSE
	EndGlobalSection
	GlobalSection(TestCaseManagementSettings) = postSolution
		CategoryFile = InventorySystem.vsmdi
	EndGlobalSection
EndGlobal
